
Microsoft Visual Studio Solution File, Format Version 12.00
# Visual Studio 15
VisualStudioVersion = 15.0.26228.102
MinimumVisualStudioVersion = 10.0.40219.1
Project("{FAE04EC0-301F-11D3-BF4B-00C04F79EFBC}") = "Demo", "Demo.csproj", "{C1387F8F-47EF-4E4B-A2CD-C046B2031AB5}"
EndProject
Global
	GlobalSection(SolutionConfigurationPlatforms) = preSolution
		Debug|x86 = Debug|x86
		Release|x86 = Release|x86
	EndGlobalSection
	GlobalSection(ProjectConfigurationPlatforms) = postSolution
		{C1387F8F-47EF-4E4B-A2CD-C046B2031AB5}.Debug|x86.ActiveCfg = Debug|x86
		{C1387F8F-47EF-4E4B-A2CD-C046B2031AB5}.Debug|x86.Build.0 = Debug|x86
		{C1387F8F-47EF-4E4B-A2CD-C046B2031AB5}.Release|x86.ActiveCfg = Release|x86
		{C1387F8F-47EF-4E4B-A2CD-C046B2031AB5}.Release|x86.Build.0 = Release|x86
	EndGlobalSection
	GlobalSection(SolutionProperties) = preSolution
		HideSolutionNode = FALSE
	EndGlobalSection
EndGlobal
